
Microsoft Visual Studio Solution File, Format Version 10.00
# Visual C++ Express 2008
Project("{8BC9CEB8-8B4A-11D0-8D11-00A0C91BC942}") = "libao", "libao.vcproj", "{ECD1E66E-12A8-4E61-B299-362F3849ED04}"
EndProject
Global
    GlobalSection(SolutionConfigurationPlatforms) = preSolution
        Debug|Win32 = Debug|Win32
        Release|Win32 = Release|Win32
    EndGlobalSection
    GlobalSection(ProjectConfigurationPlatforms) = postSolution
        {ECD1E66E-12A8-4E61-B299-362F3849ED04}.Debug|Win32.ActiveCfg = Debug|Win32
        {ECD1E66E-12A8-4E61-B299-362F3849ED04}.Debug|Win32.Build.0 = Debug|Win32
        {ECD1E66E-12A8-4E61-B299-362F3849ED04}.Release|Win32.ActiveCfg = Release|Win32
        {ECD1E66E-12A8-4E61-B299-362F3849ED04}.Release|Win32.Build.0 = Release|Win32
    EndGlobalSection
    GlobalSection(SolutionProperties) = preSolution
        HideSolutionNode = FALSE
    EndGlobalSection
EndGlobal
